version = 1
revision = 3
requires-python = ">=3.9.10, <3.10"

[[package]]
name = "annotated-types"
version = "0.7.0"
source = { registry = "https://pypi.org/simple" }
sdist = { url = "https://files.pythonhosted.org/packages/ee/67/531ea369ba64dcff5ec9c3402f9f51bf748cec26dde048a2f973a4eea7f5/annotated_types-0.7.0.tar.gz", hash = "sha256:aff07c09a53a08bc8cfccb9c85b05f1aa9a2a6f23728d790723543408344ce89", size = 16081, upload-time = "2024-05-20T21:33:25.928Z" }
wheels = [
    { url = "https://files.pythonhosted.org/packages/78/b6/6307fbef88d9b5ee7421e68d78a9f162e0da4900bc5f5793f6d3d0e34fb8/annotated_types-0.7.0-py3-none-any.whl", hash = "sha256:1f02e8b43a8fbbc3f3e0d4f0f4bfc8131bcb4eebe8849b8e5c773f3a1c582a53", size = 13643, upload-time = "2024-05-20T21:33:24.1Z" },
]

[[package]]
name = "pydantic"
version = "2.13.5"
source = { registry = "https://pypi.org/simple" }
dependencies = [
    { name = "annotated-types" },
    { name = "pydantic-core" },
    { name = "typing-extensions" },
    { name = "typing-inspection" },
]
sdist = { url = "https://files.pythonhosted.org/packages/53/ef/fc4f868f4e2cee79f863883abffceff107875f569b848507319842d2a681/pydantic-2.13.5.tar.gz", hash = "sha256:51a9c5f7b2f8e636f04c6cada605d9b6a3bf1348fdf945a3d8869b19bba0ee08", size = 845750, upload-time = "2026-08-28T14:04:00.916Z" }
wheels = [
    { url = "https://files.pythonhosted.org/packages/eb/47/c95ffc2009878c7aac0c5e08528022dcb885933252a88b5f170058014464/pydantic-2.13.5-py3-none-any.whl", hash = "sha256:346a034f080da3755d8e9cb5e00e8b07de1d39e4f6e2c87d8ab7cafa0b269a73", size = 472589, upload-time = "2026-08-28T14:03:59.136Z" },
]

[[package]]
name = "pydantic-core"
version = "2.46.5"
source = { registry = "https://pypi.org/simple" }
dependencies = [
    { name = "typing-extensions" },
]
sdist = { url = "https://files.pythonhosted.org/packages/af/f9/8a06bea35ef8daf588f707784c973a7046e0034c8d8cfb08828eeffb8b75/pydantic_core-2.46.5.tar.gz", hash = "sha256:10416c15b8839ecc4ef4d0885da76da6fd0f67333a0eb8aff6d93c4b8f2910fc", size = 472262, upload-time = "2026-08-28T10:01:31.677Z" }
wheels = [
    { url = "https://files.pythonhosted.org/packages/96/cc/4c88abc035cc0d8b2646a715d8c4145fad7d95817eb5f18297066b21e20e/pydantic_core-2.46.5-cp39-cp39-macosx_10_12_x86_64.whl", hash = "sha256:c583b927a8838dab890706a6fa7573fbb8b70e24000ef9f7238e2d6f6435a5ed", size = 2078970, upload-time = "2026-08-28T10:00:18.938Z" },
    { url = "https://files.pythonhosted.org/packages/b4/59/fa3ef009cc1b2ca3753fd6869ee461b0b5b67c420cf659e32a12be027a6a/pydantic_core-2.46.5-cp39-cp39-macosx_11_0_arm64.whl", hash = "sha256:cdc8b74ecc48c0cb1e9607a05ec4e9e88db60a19ffcc9a1d5f9088ede40c8dc0", size = 1917185, upload-time = "2026-08-28T10:00:20.891Z" },
    { url = "https://files.pythonhosted.org/packages/15/5e/b3d8901f9775ad928077c3155c36f56fc1c813285e3986ed736a5fbf538e/pydantic_core-2.46.5-cp39-cp39-manylinux_2_17_aarch64.manylinux2014_aarch64.whl", hash = "sha256:8b10e3e8fd7ddc2bd915848a2768e44c15b22936f1cc54c462ad1164deb02655", size = 1955266, upload-time = "2026-08-28T10:00:23.135Z" },
    { url = "https://files.pythonhosted.org/packages/aa/9e/5522b09d12e8720013f2e4ac174999f40a05501bd15ad2bfa197bc136198/pydantic_core-2.46.5-cp39-cp39-manylinux_2_17_armv7l.manylinux2014_armv7l.whl", hash = "sha256:f077d0b97ab11fa7dcc633fca53515f290bca8a8a633e966d5b6d1879d9ed01a", size = 2023466, upload-time = "2026-08-28T10:00:25.489Z" },
    { url = "https://files.pythonhosted.org/packages/89/2a/a5267bf2c6c7ded3f282b315e5f0cf2c58008c15b917a652fc32f92d6775/pydantic_core-2.46.5-cp39-cp39-manylinux_2_17_ppc64le.manylinux2014_ppc64le.whl", hash = "sha256:7b0fc826b16c55e561e5d2a0c5c77b051ba1d92808118c4e4b5390f5e0cf191d", size = 2198448, upload-time = "2026-08-28T10:00:27.676Z" },
    { url = "https://files.pythonhosted.org/packages/e9/a5/f72c192aba23924065946728e4fba96f73939b90e5aa4f7d41e728aea8d4/pydantic_core-2.46.5-cp39-cp39-manylinux_2_17_s390x.manylinux2014_s390x.whl", hash = "sha256:ef3fbbf161dc9351a2fe0422e51b129f9e97e42385bd0320b309c15f7d287dd8", size = 2240121, upload-time = "2026-08-28T10:00:30.168Z" },
    { url = "https://files.pythonhosted.org/packages/a8/9e/0c0cc24149429c030bef1a5c1776150e7e61fcbbfc068c6d1f9de90eb259/pydantic_core-2.46.5-cp39-cp39-manylinux_2_17_x86_64.manylinux2014_x86_64.whl", hash = "sha256:978e7b97d4824b5be09c69fb70507cbde3b0323fc147332ca40a94d9a6a0ebbf", size = 2067262, upload-time = "2026-08-28T10:00:32.285Z" },
    { url = "https://files.pythonhosted.org/packages/1c/00/a2b8690a11d909d9ec9c4eb4d084b4d2e1b227e9b2e74f5926cd39096245/pydantic_core-2.46.5-cp39-cp39-manylinux_2_31_riscv64.whl", hash = "sha256:9b68938dd5b0c783d88ff8e2dcc69451b5eb936fe212d516b21b9d5567f6d464", size = 2095116, upload-time = "2026-08-28T10:00:35.556Z" },
    { url = "https://files.pythonhosted.org/packages/bf/7e/d3088a2717b7bb316d8d0e64a4b0caf994769e88c56df79df547d75c1dc0/pydantic_core-2.46.5-cp39-cp39-manylinux_2_5_i686.manylinux1_i686.whl", hash = "sha256:771cf63ae0b1b50dd22e5f3e3549fab5f3f4ff1635d352a9e1a97fe01c7b2e64", size = 2134727, upload-time = "2026-08-28T10:00:37.829Z" },
    { url = "https://files.pythonhosted.org/packages/fa/a4/55a9e0ef61cfd1cbf4289059eb68a3eab765fca8ead6f9991d7de027d42e/pydantic_core-2.46.5-cp39-cp39-musllinux_1_1_aarch64.whl", hash = "sha256:7c6be839a5a8312626b32029a415644a0846b420bc8b52b95b28cd92da162168", size = 2147932, upload-time = "2026-08-28T10:00:40.123Z" },
    { url = "https://files.pythonhosted.org/packages/2d/25/d2fbc9d59f91f6c50c0d2ec032041c5e3295d68325ade06ec93fa82da43c/pydantic_core-2.46.5-cp39-cp39-musllinux_1_1_armv7l.whl", hash = "sha256:895395f8918627b04efb1ad2a4cf605387143300ba03304cd1dfa6d03f5e095e", size = 2301528, upload-time = "2026-08-28T10:00:42.339Z" },
    { url = "https://files.pythonhosted.org/packages/9d/76/eccc0528d1421e298b42f85650cf021f0f7c42f502c7e58808db4a672bdb/pydantic_core-2.46.5-cp39-cp39-musllinux_1_1_x86_64.whl", hash = "sha256:fc8515076c11f3cfdf4fb142dcca0fe384b1230a3b5415458ac84f3e0903ec13", size = 2322431, upload-time = "2026-08-28T10:00:44.399Z" },
    { url = "https://files.pythonhosted.org/packages/6f/0c/ffab5a9a0fb82825c44f00dea8ec9d540d2e1e4ab2f1c4f0c32bb8b37fd9/pydantic_core-2.46.5-cp39-cp39-win32.whl", hash = "sha256:3d2652072b2d774947ba5cf78a9e59644ac62ee572daf6dd2e1dfe905e15b2b7", size = 1958681, upload-time = "2026-08-28T10:00:46.786Z" },
    { url = "https://files.pythonhosted.org/packages/86/89/8bb47660fed8c16adf1aae301ba149442e8fd220c126bbea2d24b987abb8/pydantic_core-2.46.5-cp39-cp39-win_amd64.whl", hash = "sha256:3aa166e99c4f2985407fb8714aebede877ecb5455cf321b606adca926d30d5a0", size = 2046649, upload-time = "2026-08-28T10:00:48.99Z" },
]

[[package]]
name = "rcbld"
version = "0.1.0"
source = { virtual = "." }
dependencies = [
    { name = "pydantic" },
]

[package.metadata]
requires-dist = [{ name = "pydantic", specifier = ">=2.13.5" }]

[[package]]
name = "typing-extensions"
version = "4.16.0"
source = { registry = "https://pypi.org/simple" }
sdist = { url = "https://files.pythonhosted.org/packages/f6/cc/6253133b5bb138fc3306cebfbda2c520f545d36b5be2c7255cc528bb45d6/typing_extensions-4.16.0.tar.gz", hash = "sha256:dc983d19a509c94dba722ee6abd33940f7c05a89e243c47e907eb4db6f1a43e5", size = 113555, upload-time = "2026-07-02T08:40:05.92Z" }
wheels = [
    { url = "https://files.pythonhosted.org/packages/49/d3/b8441a820a491ddfc024b0b0cf0393375b75ea13866d9c66727e54c2fc80/typing_extensions-4.16.0-py3-none-any.whl", hash = "sha256:481caa481374e813c1b176ada14e97f1f67a4539ce9cfeb3f350d78d6370c2e8", size = 45571, upload-time = "2026-07-02T08:40:04.659Z" },
]

[[package]]
name = "typing-inspection"
version = "0.4.2"
source = { registry = "https://pypi.org/simple" }
dependencies = [
    { name = "typing-extensions" },
]
sdist = { url = "https://files.pythonhosted.org/packages/55/e3/70399cb7dd41c10ac53367ae42139cf4b1ca5f36bb3dc6c9d33acdb43655/typing_inspection-0.4.2.tar.gz", hash = "sha256:ba561c48a67c5958007083d386c3295464928b01faa735ab8547c5692e87f464", size = 75949, upload-time = "2025-10-01T02:14:41.687Z" }
wheels = [
    { url = "https://files.pythonhosted.org/packages/dc/9b/47798a6c91d8bdb567fe2698fe81e0c6b7cb7ef4d13da4114b41d239f65d/typing_inspection-0.4.2-py3-none-any.whl", hash = "sha256:4ed1cacbdc298c220f1bd249ed5287caa16f34d44ef4e9c3d0cbad5b521545e7", size = 14611, upload-time = "2025-10-01T02:14:40.154Z" },
]
